
Microsoft Visual Studio Solution File, Format Version 12.00
# Visual Studio Version 17
VisualStudioVersion = 17.8.34330.188
MinimumVisualStudioVersion = 10.0.40219.1
Project("{FAE04EC0-301F-11D3-BF4B-00C04F79EFBC}") = "Calculator", "Calculator\Calculator.csproj", "{A4B89C25-44C6-451E-8159-B828863B8B60}"
EndProject
Global
	GlobalSection(SolutionConfigurationPlatforms) = preSolution
		Debug|Any CPU = Debug|Any CPU
		Release|Any CPU = Release|Any CPU
	EndGlobalSection
	GlobalSection(ProjectConfigurationPlatforms) = postSolution
		{A4B89C25-44C6-451E-8159-B828863B8B60}.Debug|Any CPU.ActiveCfg = Debug|Any CPU
		{A4B89C25-44C6-451E-8159-B828863B8B60}.Debug|Any CPU.Build.0 = Debug|Any CPU
		{A4B89C25-44C6-451E-8159-B828863B8B60}.Release|Any CPU.ActiveCfg = Release|Any CPU
		{A4B89C25-44C6-451E-8159-B828863B8B60}.Release|Any CPU.Build.0 = Release|Any CPU
	EndGlobalSection
	GlobalSection(SolutionProperties) = preSolution
		HideSolutionNode = FALSE
	EndGlobalSection
	GlobalSection(ExtensibilityGlobals) = postSolution
		SolutionGuid = {8F67719C-055D-4D6D-8285-E544237115CD}
	EndGlobalSection
EndGlobal
